
Microsoft Visual Studio Solution File, Format Version 12.00
# Visual Studio 2013
VisualStudioVersion = 12.0.31101.0
MinimumVisualStudioVersion = 10.0.40219.1
Project("{2150E333-8FDC-42A3-9474-1A3956D46DE8}") = "Engine", "Engine", "{567C167E-4223-45DA-9A30-38A26A5D4D22}"
EndProject
Project("{2150E333-8FDC-42A3-9474-1A3956D46DE8}") = "Games", "Games", "{D38525D2-4B9A-4B1B-AB7C-D232EC37C074}"
EndProject
Project("{8BC9CEB8-8B4A-11D0-8D11-00A0C91BC942}") = "MayhemPunch", "Intermediate\ProjectFiles\MayhemPunch.vcxproj", "{02DEADA0-C29F-479C-A9E7-AF741B2B5EE2}"
EndProject
Project("{8BC9CEB8-8B4A-11D0-8D11-00A0C91BC942}") = "UE4", "Intermediate\ProjectFiles\UE4.vcxproj", "{1651D23E-4293-4F86-986A-28D070989BDC}"
EndProject
Global
	GlobalSection(SolutionConfigurationPlatforms) = preSolution
		DebugGame Editor|Win32 = DebugGame Editor|Win32
		DebugGame Editor|Win64 = DebugGame Editor|Win64
		DebugGame|Win32 = DebugGame|Win32
		DebugGame|Win64 = DebugGame|Win64
		Development Editor|Win32 = Development Editor|Win32
		Development Editor|Win64 = Development Editor|Win64
		Development|Win32 = Development|Win32
		Development|Win64 = Development|Win64
		Shipping|Win32 = Shipping|Win32
		Shipping|Win64 = Shipping|Win64
	EndGlobalSection
	GlobalSection(ProjectConfigurationPlatforms) = postSolution
		{02DEADA0-C29F-479C-A9E7-AF741B2B5EE2}.DebugGame Editor|Win32.ActiveCfg = DebugGame_Editor|Win32
		{02DEADA0-C29F-479C-A9E7-AF741B2B5EE2}.DebugGame Editor|Win32.Build.0 = DebugGame_Editor|Win32
		{02DEADA0-C29F-479C-A9E7-AF741B2B5EE2}.DebugGame Editor|Win64.ActiveCfg = DebugGame_Editor|x64
		{02DEADA0-C29F-479C-A9E7-AF741B2B5EE2}.DebugGame Editor|Win64.Build.0 = DebugGame_Editor|x64
		{02DEADA0-C29F-479C-A9E7-AF741B2B5EE2}.DebugGame|Win32.ActiveCfg = DebugGame_Game|Win32
		{02DEADA0-C29F-479C-A9E7-AF741B2B5EE2}.DebugGame|Win32.Build.0 = DebugGame_Game|Win32
		{02DEADA0-C29F-479C-A9E7-AF741B2B5EE2}.DebugGame|Win64.ActiveCfg = DebugGame_Game|x64
		{02DEADA0-C29F-479C-A9E7-AF741B2B5EE2}.DebugGame|Win64.Build.0 = DebugGame_Game|x64
		{02DEADA0-C29F-479C-A9E7-AF741B2B5EE2}.Development Editor|Win32.ActiveCfg = Development_Editor|Win32
		{02DEADA0-C29F-479C-A9E7-AF741B2B5EE2}.Development Editor|Win32.Build.0 = Development_Editor|Win32
		{02DEADA0-C29F-479C-A9E7-AF741B2B5EE2}.Development Editor|Win64.ActiveCfg = Development_Editor|x64
		{02DEADA0-C29F-479C-A9E7-AF741B2B5EE2}.Development Editor|Win64.Build.0 = Development_Editor|x64
		{02DEADA0-C29F-479C-A9E7-AF741B2B5EE2}.Development|Win32.ActiveCfg = Development_Game|Win32
		{02DEADA0-C29F-479C-A9E7-AF741B2B5EE2}.Development|Win32.Build.0 = Development_Game|Win32
		{02DEADA0-C29F-479C-A9E7-AF741B2B5EE2}.Development|Win64.ActiveCfg = Development_Game|x64
		{02DEADA0-C29F-479C-A9E7-AF741B2B5EE2}.Development|Win64.Build.0 = Development_Game|x64
		{02DEADA0-C29F-479C-A9E7-AF741B2B5EE2}.Shipping|Win32.ActiveCfg = Shipping_Game|Win32
		{02DEADA0-C29F-479C-A9E7-AF741B2B5EE2}.Shipping|Win32.Build.0 = Shipping_Game|Win32
		{02DEADA0-C29F-479C-A9E7-AF741B2B5EE2}.Shipping|Win64.ActiveCfg = Shipping_Game|x64
		{02DEADA0-C29F-479C-A9E7-AF741B2B5EE2}.Shipping|Win64.Build.0 = Shipping_Game|x64
		{1651D23E-4293-4F86-986A-28D070989BDC}.DebugGame Editor|Win32.ActiveCfg = BuiltWithUnrealBuildTool|Win32
		{1651D23E-4293-4F86-986A-28D070989BDC}.DebugGame Editor|Win32.Build.0 = BuiltWithUnrealBuildTool|Win32
		{1651D23E-4293-4F86-986A-28D070989BDC}.DebugGame Editor|Win64.ActiveCfg = BuiltWithUnrealBuildTool|Win32
		{1651D23E-4293-4F86-986A-28D070989BDC}.DebugGame|Win32.ActiveCfg = BuiltWithUnrealBuildTool|Win32
		{1651D23E-4293-4F86-986A-28D070989BDC}.DebugGame|Win32.Build.0 = BuiltWithUnrealBuildTool|Win32
		{1651D23E-4293-4F86-986A-28D070989BDC}.DebugGame|Win64.ActiveCfg = BuiltWithUnrealBuildTool|Win32
		{1651D23E-4293-4F86-986A-28D070989BDC}.Development Editor|Win32.ActiveCfg = BuiltWithUnrealBuildTool|Win32
		{1651D23E-4293-4F86-986A-28D070989BDC}.Development Editor|Win32.Build.0 = BuiltWithUnrealBuildTool|Win32
		{1651D23E-4293-4F86-986A-28D070989BDC}.Development Editor|Win64.ActiveCfg = BuiltWithUnrealBuildTool|Win32
		{1651D23E-4293-4F86-986A-28D070989BDC}.Development|Win32.ActiveCfg = BuiltWithUnrealBuildTool|Win32
		{1651D23E-4293-4F86-986A-28D070989BDC}.Development|Win32.Build.0 = BuiltWithUnrealBuildTool|Win32
		{1651D23E-4293-4F86-986A-28D070989BDC}.Development|Win64.ActiveCfg = BuiltWithUnrealBuildTool|Win32
		{1651D23E-4293-4F86-986A-28D070989BDC}.Shipping|Win32.ActiveCfg = BuiltWithUnrealBuildTool|Win32
		{1651D23E-4293-4F86-986A-28D070989BDC}.Shipping|Win32.Build.0 = BuiltWithUnrealBuildTool|Win32
		{1651D23E-4293-4F86-986A-28D070989BDC}.Shipping|Win64.ActiveCfg = BuiltWithUnrealBuildTool|Win32
	EndGlobalSection
	GlobalSection(SolutionProperties) = preSolution
		HideSolutionNode = FALSE
	EndGlobalSection
	GlobalSection(NestedProjects) = preSolution
		{02DEADA0-C29F-479C-A9E7-AF741B2B5EE2} = {D38525D2-4B9A-4B1B-AB7C-D232EC37C074}
		{1651D23E-4293-4F86-986A-28D070989BDC} = {567C167E-4223-45DA-9A30-38A26A5D4D22}
	EndGlobalSection
EndGlobal
